{
  "name": "@bitcoinuniverse/index-patina",
  "version": "0.2.0",
  "lockfileVersion": 3,
  "requires": true,
  "packages": {
    "": {
      "name": "@bitcoinuniverse/index-patina",
      "version": "0.2.0",
      "license": "MIT",
      "dependencies": {
        "@bitcoinuniverse/patina": "file:vendor/bitcoinuniverse-patina-1.1.0.tgz",
        "better-sqlite3": "13.0.2"
      },
      "bin": {
        "index-patina": "bin/index-patina.mjs"
      },
      "devDependencies": {
        "@types/better-sqlite3": "7.6.13",
        "@types/node": "24.10.1",
        "typescript": "5.9.3"
      },
      "engines": {
        "node": "24.18.1",
        "npm": "11.16.0"
      }
    },
    "node_modules/@bitcoinuniverse/patina": {
      "version": "1.1.0",
      "resolved": "file:vendor/bitcoinuniverse-patina-1.1.0.tgz",
      "integrity": "sha512-FLx1Z9tF+nEuGuOPZCYQo/fHMaO6qZexoqhI8hQSaj8Zvu3i+Mj7nn4If+yBu0tlJUIxj6Ki8O/TQONF4USK2g==",
      "license": "MIT",
      "bin": {
        "patina": "cli.mjs"
      },
      "engines": {
        "node": ">=22"
      }
    },
    "node_modules/@types/better-sqlite3": {
      "version": "7.6.13",
      "resolved": "https://registry.npmjs.org/@types/better-sqlite3/-/better-sqlite3-7.6.13.tgz",
      "integrity": "sha512-NMv9ASNARoKksWtsq/SHakpYAYnhBrQgGD8zkLYk/jaK8jUGn08CfEdTRgYhMypUQAfzSP8W6gNLe0q19/t4VA==",
      "dev": true,
      "license": "MIT",
      "dependencies": {
        "@types/node": "*"
      }
    },
    "node_modules/@types/node": {
      "version": "24.10.1",
      "resolved": "https://registry.npmjs.org/@types/node/-/node-24.10.1.tgz",
      "integrity": "sha512-GNWcUTRBgIRJD5zj+Tq0fKOJ5XZajIiBroOF0yvj2bSU1WvNdYS/dn9UxwsujGW4JX06dnHyjV2y9rRaybH0iQ==",
      "dev": true,
      "license": "MIT",
      "dependencies": {
        "undici-types": "~7.16.0"
      }
    },
    "node_modules/better-sqlite3": {
      "version": "13.0.2",
      "resolved": "https://registry.npmjs.org/better-sqlite3/-/better-sqlite3-13.0.2.tgz",
      "integrity": "sha512-jW6oufeDhXZaiX9Lw5A+oerVClx4iFrI6uDj1zu7SqUAjak9vbJvA0NEcKLNxHiQHb6kYCoFzzXYV0YOauhV3g==",
      "license": "MIT",
      "dependencies": {
        "node-addon-api": "^8.0.0"
      },
      "engines": {
        "node": ">=22"
      }
    },
    "node_modules/node-addon-api": {
      "version": "8.9.1",
      "resolved": "https://registry.npmjs.org/node-addon-api/-/node-addon-api-8.9.1.tgz",
      "integrity": "sha512-4eUQWVPCUUUiBjLnHS3cXWeC6ryoPUc0U3rP7IuzapoGbzMqd/r6KKO0clr0b+snQhsrueFEhCZDdK+LK7hxKg==",
      "license": "MIT",
      "engines": {
        "node": "^18 || ^20 || >= 21"
      }
    },
    "node_modules/typescript": {
      "version": "5.9.3",
      "resolved": "https://registry.npmjs.org/typescript/-/typescript-5.9.3.tgz",
      "integrity": "sha512-jl1vZzPDinLr9eUt3J/t7V6FgNEw9QjvBPdysz9KfQDD41fQrC2Y4vKQdiaUpFT4bXlb1RHhLpp8wtm6M5TgSw==",
      "dev": true,
      "license": "Apache-2.0",
      "bin": {
        "tsc": "bin/tsc",
        "tsserver": "bin/tsserver"
      },
      "engines": {
        "node": ">=14.17"
      }
    },
    "node_modules/undici-types": {
      "version": "7.16.0",
      "resolved": "https://registry.npmjs.org/undici-types/-/undici-types-7.16.0.tgz",
      "integrity": "sha512-Zz+aZWSj8LE6zoxD+xrjh4VfkIG8Ya6LvYkZqtUQGJPZjYl53ypCaUwWqo7eI0x66KBGeRo+mlBEkMSeSZ38Nw==",
      "dev": true,
      "license": "MIT"
    }
  }
}
